// !$*UTF8*$!
{
	archiveVersion = 1;
	classes = {
	};
	objectVersion = 54;
	objects = {

/* Begin PBXBuildFile section */
		C41281532AB1A7DD005E8494 /* Const.swift in Sources */ = {isa = PBXBuildFile; fileRef = C41281522AB1A7DD005E8494 /* Const.swift */; };
		C4C5815C2AB1D51F00AFE94A /* UIColor+Extensions.swift in Sources */ = {isa = PBXBuildFile; fileRef = C4C5815B2AB1D51F00AFE94A /* UIColor+Extensions.swift */; };
		C4C581652AB1E12800AFE94A /* UnlockSlider.framework in Frameworks */ = {isa = PBXBuildFile; fileRef = C4C581642AB1E12800AFE94A /* UnlockSlider.framework */; };
		C4C581662AB1E12800AFE94A /* UnlockSlider.framework in Embed Frameworks */ = {isa = PBXBuildFile; fileRef = C4C581642AB1E12800AFE94A /* UnlockSlider.framework */; settings = {ATTRIBUTES = (CodeSignOnCopy, RemoveHeadersOnCopy, ); }; };
		C4C581682AB1E2AA00AFE94A /* CAGradientLayer+Extensions.swift in Sources */ = {isa = PBXBuildFile; fileRef = C4C581672AB1E2AA00AFE94A /* CAGradientLayer+Extensions.swift */; };
		CE1C362323F17DDC008F5BDE /* AppDelegate.swift in Sources */ = {isa = PBXBuildFile; fileRef = CE1C362223F17DDC008F5BDE /* AppDelegate.swift */; };
		CE1C362523F17DDC008F5BDE /* SceneDelegate.swift in Sources */ = {isa = PBXBuildFile; fileRef = CE1C362423F17DDC008F5BDE /* SceneDelegate.swift */; };
		CE1C362723F17DDC008F5BDE /* DemoViewController.swift in Sources */ = {isa = PBXBuildFile; fileRef = CE1C362623F17DDC008F5BDE /* DemoViewController.swift */; };
		CE1C362A23F17DDC008F5BDE /* Main.storyboard in Resources */ = {isa = PBXBuildFile; fileRef = CE1C362823F17DDC008F5BDE /* Main.storyboard */; };
		CE1C362C23F17DDC008F5BDE /* Assets.xcassets in Resources */ = {isa = PBXBuildFile; fileRef = CE1C362B23F17DDC008F5BDE /* Assets.xcassets */; };
		CE1C362F23F17DDC008F5BDE /* LaunchScreen.storyboard in Resources */ = {isa = PBXBuildFile; fileRef = CE1C362D23F17DDC008F5BDE /* LaunchScreen.storyboard */; };
/* End PBXBuildFile section */

/* Begin PBXCopyFilesBuildPhase section */
		CE1C365E23F1870C008F5BDE /* Embed Frameworks */ = {
			isa = PBXCopyFilesBuildPhase;
			buildActionMask = 2147483647;
			dstPath = "";
			dstSubfolderSpec = 10;
			files = (
				C4C581662AB1E12800AFE94A /* UnlockSlider.framework in Embed Frameworks */,
			);
			name = "Embed Frameworks";
			runOnlyForDeploymentPostprocessing = 0;
		};
/* End PBXCopyFilesBuildPhase section */

/* Begin PBXFileReference section */
		C41281522AB1A7DD005E8494 /* Const.swift */ = {isa = PBXFileReference; lastKnownFileType = sourcecode.swift; path = Const.swift; sourceTree = "<group>"; };
		C4C5815B2AB1D51F00AFE94A /* UIColor+Extensions.swift */ = {isa = PBXFileReference; lastKnownFileType = sourcecode.swift; path = "UIColor+Extensions.swift"; sourceTree = "<group>"; };
		C4C581642AB1E12800AFE94A /* UnlockSlider.framework */ = {isa = PBXFileReference; explicitFileType = wrapper.framework; path = UnlockSlider.framework; sourceTree = BUILT_PRODUCTS_DIR; };
		C4C581672AB1E2AA00AFE94A /* CAGradientLayer+Extensions.swift */ = {isa = PBXFileReference; lastKnownFileType = sourcecode.swift; path = "CAGradientLayer+Extensions.swift"; sourceTree = "<group>"; };
		CE1C361F23F17DDC008F5BDE /* Demo.app */ = {isa = PBXFileReference; explicitFileType = wrapper.application; includeInIndex = 0; path = Demo.app; sourceTree = BUILT_PRODUCTS_DIR; };
		CE1C362223F17DDC008F5BDE /* AppDelegate.swift */ = {isa = PBXFileReference; lastKnownFileType = sourcecode.swift; path = AppDelegate.swift; sourceTree = "<group>"; };
		CE1C362423F17DDC008F5BDE /* SceneDelegate.swift */ = {isa = PBXFileReference; lastKnownFileType = sourcecode.swift; path = SceneDelegate.swift; sourceTree = "<group>"; };
		CE1C362623F17DDC008F5BDE /* DemoViewController.swift */ = {isa = PBXFileReference; lastKnownFileType = sourcecode.swift; path = DemoViewController.swift; sourceTree = "<group>"; };
		CE1C362923F17DDC008F5BDE /* Base */ = {isa = PBXFileReference; lastKnownFileType = file.storyboard; name = Base; path = Base.lproj/Main.storyboard; sourceTree = "<group>"; };
		CE1C362B23F17DDC008F5BDE /* Assets.xcassets */ = {isa = PBXFileReference; lastKnownFileType = folder.assetcatalog; path = Assets.xcassets; sourceTree = "<group>"; };
		CE1C362E23F17DDC008F5BDE /* Base */ = {isa = PBXFileReference; lastKnownFileType = file.storyboard; name = Base; path = Base.lproj/LaunchScreen.storyboard; sourceTree = "<group>"; };
		CE1C363023F17DDC008F5BDE /* Info.plist */ = {isa = PBXFileReference; lastKnownFileType = text.plist.xml; path = Info.plist; sourceTree = "<group>"; };
/* End PBXFileReference section */

/* Begin PBXFrameworksBuildPhase section */
		CE1C361C23F17DDC008F5BDE /* Frameworks */ = {
			isa = PBXFrameworksBuildPhase;
			buildActionMask = 2147483647;
			files = (
				C4C581652AB1E12800AFE94A /* UnlockSlider.framework in Frameworks */,
			);
			runOnlyForDeploymentPostprocessing = 0;
		};
/* End PBXFrameworksBuildPhase section */

/* Begin PBXGroup section */
		C412814E2AB1A6C8005E8494 /* Application */ = {
			isa = PBXGroup;
			children = (
				CE1C362223F17DDC008F5BDE /* AppDelegate.swift */,
				CE1C362423F17DDC008F5BDE /* SceneDelegate.swift */,
			);
			path = Application;
			sourceTree = "<group>";
		};
		C41281502AB1A6D6005E8494 /* ViewControllers */ = {
			isa = PBXGroup;
			children = (
				CE1C362623F17DDC008F5BDE /* DemoViewController.swift */,
			);
			path = ViewControllers;
			sourceTree = "<group>";
		};
		C41281512AB1A7CD005E8494 /* Constants */ = {
			isa = PBXGroup;
			children = (
				C41281522AB1A7DD005E8494 /* Const.swift */,
			);
			path = Constants;
			sourceTree = "<group>";
		};
		C4C581502AB1ACB400AFE94A /* Frameworks */ = {
			isa = PBXGroup;
			children = (
				C4C581642AB1E12800AFE94A /* UnlockSlider.framework */,
			);
			name = Frameworks;
			sourceTree = "<group>";
		};
		C4C5815A2AB1D50A00AFE94A /* Extensions */ = {
			isa = PBXGroup;
			children = (
				C4C5815B2AB1D51F00AFE94A /* UIColor+Extensions.swift */,
				C4C581672AB1E2AA00AFE94A /* CAGradientLayer+Extensions.swift */,
			);
			path = Extensions;
			sourceTree = "<group>";
		};
		C4C5815D2AB1D59B00AFE94A /* Resources */ = {
			isa = PBXGroup;
			children = (
				CE1C362B23F17DDC008F5BDE /* Assets.xcassets */,
			);
			path = Resources;
			sourceTree = "<group>";
		};
		C4C5815E2AB1D5AE00AFE94A /* Supporting Files */ = {
			isa = PBXGroup;
			children = (
				CE1C363023F17DDC008F5BDE /* Info.plist */,
			);
			path = "Supporting Files";
			sourceTree = "<group>";
		};
		CE1C361623F17DDC008F5BDE = {
			isa = PBXGroup;
			children = (
				CE1C363C23F17E6A008F5BDE /* Demo */,
				CE1C362023F17DDC008F5BDE /* Products */,
				C4C581502AB1ACB400AFE94A /* Frameworks */,
			);
			sourceTree = "<group>";
		};
		CE1C362023F17DDC008F5BDE /* Products */ = {
			isa = PBXGroup;
			children = (
				CE1C361F23F17DDC008F5BDE /* Demo.app */,
			);
			name = Products;
			sourceTree = "<group>";
		};
		CE1C362123F17DDC008F5BDE /* Storyboards */ = {
			isa = PBXGroup;
			children = (
				CE1C362823F17DDC008F5BDE /* Main.storyboard */,
				CE1C362D23F17DDC008F5BDE /* LaunchScreen.storyboard */,
			);
			path = Storyboards;
			sourceTree = "<group>";
		};
		CE1C363C23F17E6A008F5BDE /* Demo */ = {
			isa = PBXGroup;
			children = (
				C41281512AB1A7CD005E8494 /* Constants */,
				C41281502AB1A6D6005E8494 /* ViewControllers */,
				CE1C362123F17DDC008F5BDE /* Storyboards */,
				C4C5815A2AB1D50A00AFE94A /* Extensions */,
				C4C5815D2AB1D59B00AFE94A /* Resources */,
				C4C5815E2AB1D5AE00AFE94A /* Supporting Files */,
				C412814E2AB1A6C8005E8494 /* Application */,
			);
			path = Demo;
			sourceTree = "<group>";
		};
/* End PBXGroup section */

/* Begin PBXNativeTarget section */
		CE1C361E23F17DDC008F5BDE /* Demo */ = {
			isa = PBXNativeTarget;
			buildConfigurationList = CE1C363323F17DDC008F5BDE /* Build configuration list for PBXNativeTarget "Demo" */;
			buildPhases = (
				CE1C361B23F17DDC008F5BDE /* Sources */,
				CE1C361C23F17DDC008F5BDE /* Frameworks */,
				CE1C361D23F17DDC008F5BDE /* Resources */,
				CE1C365E23F1870C008F5BDE /* Embed Frameworks */,
				C41281292AB1A3D7005E8494 /* SwiftLint */,
			);
			buildRules = (
			);
			dependencies = (
			);
			name = Demo;
			productName = "iOS Example";
			productReference = CE1C361F23F17DDC008F5BDE /* Demo.app */;
			productType = "com.apple.product-type.application";
		};
/* End PBXNativeTarget section */

/* Begin PBXProject section */
		CE1C361723F17DDC008F5BDE /* Project object */ = {
			isa = PBXProject;
			attributes = {
				LastSwiftUpdateCheck = 1130;
				LastUpgradeCheck = 1130;
				ORGANIZATIONNAME = SKS;
				TargetAttributes = {
					CE1C361E23F17DDC008F5BDE = {
						CreatedOnToolsVersion = 11.3.1;
					};
				};
			};
			buildConfigurationList = CE1C361A23F17DDC008F5BDE /* Build configuration list for PBXProject "Demo" */;
			compatibilityVersion = "Xcode 10.0";
			developmentRegion = en;
			hasScannedForEncodings = 0;
			knownRegions = (
				en,
				Base,
			);
			mainGroup = CE1C361623F17DDC008F5BDE;
			productRefGroup = CE1C362023F17DDC008F5BDE /* Products */;
			projectDirPath = "";
			projectRoot = "";
			targets = (
				CE1C361E23F17DDC008F5BDE /* Demo */,
			);
		};
/* End PBXProject section */

/* Begin PBXResourcesBuildPhase section */
		CE1C361D23F17DDC008F5BDE /* Resources */ = {
			isa = PBXResourcesBuildPhase;
			buildActionMask = 2147483647;
			files = (
				CE1C362F23F17DDC008F5BDE /* LaunchScreen.storyboard in Resources */,
				CE1C362C23F17DDC008F5BDE /* Assets.xcassets in Resources */,
				CE1C362A23F17DDC008F5BDE /* Main.storyboard in Resources */,
			);
			runOnlyForDeploymentPostprocessing = 0;
		};
/* End PBXResourcesBuildPhase section */

/* Begin PBXShellScriptBuildPhase section */
		C41281292AB1A3D7005E8494 /* SwiftLint */ = {
			isa = PBXShellScriptBuildPhase;
			alwaysOutOfDate = 1;
			buildActionMask = 2147483647;
			files = (
			);
			inputFileListPaths = (
			);
			inputPaths = (
			);
			name = SwiftLint;
			outputFileListPaths = (
			);
			outputPaths = (
			);
			runOnlyForDeploymentPostprocessing = 0;
			shellPath = /bin/sh;
			shellScript = "# Adds support for Apple Silicon brew directory\nexport PATH=\"$PATH:/opt/homebrew/bin\"\n\nif which swiftlint; then\n    swiftlint —-fix && swiftlint\nelse\n  echo \"warning: SwiftLint not installed, download from https://github.com/realm/SwiftLint\"\nfi\n";
		};
/* End PBXShellScriptBuildPhase section */

/* Begin PBXSourcesBuildPhase section */
		CE1C361B23F17DDC008F5BDE /* Sources */ = {
			isa = PBXSourcesBuildPhase;
			buildActionMask = 2147483647;
			files = (
				CE1C362723F17DDC008F5BDE /* DemoViewController.swift in Sources */,
				C4C5815C2AB1D51F00AFE94A /* UIColor+Extensions.swift in Sources */,
				C41281532AB1A7DD005E8494 /* Const.swift in Sources */,
				CE1C362323F17DDC008F5BDE /* AppDelegate.swift in Sources */,
				C4C581682AB1E2AA00AFE94A /* CAGradientLayer+Extensions.swift in Sources */,
				CE1C362523F17DDC008F5BDE /* SceneDelegate.swift in Sources */,
			);
			runOnlyForDeploymentPostprocessing = 0;
		};
/* End PBXSourcesBuildPhase section */

/* Begin PBXVariantGroup section */
		CE1C362823F17DDC008F5BDE /* Main.storyboard */ = {
			isa = PBXVariantGroup;
			children = (
				CE1C362923F17DDC008F5BDE /* Base */,
			);
			name = Main.storyboard;
			sourceTree = "<group>";
		};
		CE1C362D23F17DDC008F5BDE /* LaunchScreen.storyboard */ = {
			isa = PBXVariantGroup;
			children = (
				CE1C362E23F17DDC008F5BDE /* Base */,
			);
			name = LaunchScreen.storyboard;
			sourceTree = "<group>";
		};
/* End PBXVariantGroup section */

/* Begin XCBuildConfiguration section */
		CE1C363123F17DDC008F5BDE /* Debug */ = {
			isa = XCBuildConfiguration;
			buildSettings = {
				ALWAYS_SEARCH_USER_PATHS = NO;
				CLANG_ANALYZER_NONNULL = YES;
				CLANG_ANALYZER_NUMBER_OBJECT_CONVERSION = YES_AGGRESSIVE;
				CLANG_CXX_LANGUAGE_STANDARD = "gnu++14";
				CLANG_CXX_LIBRARY = "libc++";
				CLANG_ENABLE_MODULES = YES;
				CLANG_ENABLE_OBJC_ARC = YES;
				CLANG_ENABLE_OBJC_WEAK = YES;
				CLANG_WARN_BLOCK_CAPTURE_AUTORELEASING = YES;
				CLANG_WARN_BOOL_CONVERSION = YES;
				CLANG_WARN_COMMA = YES;
				CLANG_WARN_CONSTANT_CONVERSION = YES;
				CLANG_WARN_DEPRECATED_OBJC_IMPLEMENTATIONS = YES;
				CLANG_WARN_DIRECT_OBJC_ISA_USAGE = YES_ERROR;
				CLANG_WARN_DOCUMENTATION_COMMENTS = YES;
				CLANG_WARN_EMPTY_BODY = YES;
				CLANG_WARN_ENUM_CONVERSION = YES;
				CLANG_WARN_INFINITE_RECURSION = YES;
				CLANG_WARN_INT_CONVERSION = YES;
				CLANG_WARN_NON_LITERAL_NULL_CONVERSION = YES;
				CLANG_WARN_OBJC_IMPLICIT_RETAIN_SELF = YES;
				CLANG_WARN_OBJC_LITERAL_CONVERSION = YES;
				CLANG_WARN_OBJC_ROOT_CLASS = YES_ERROR;
				CLANG_WARN_RANGE_LOOP_ANALYSIS = YES;
				CLANG_WARN_STRICT_PROTOTYPES = YES;
				CLANG_WARN_SUSPICIOUS_MOVE = YES;
				CLANG_WARN_UNGUARDED_AVAILABILITY = YES_AGGRESSIVE;
				CLANG_WARN_UNREACHABLE_CODE = YES;
				CLANG_WARN__DUPLICATE_METHOD_MATCH = YES;
				COPY_PHASE_STRIP = NO;
				DEBUG_INFORMATION_FORMAT = dwarf;
				ENABLE_STRICT_OBJC_MSGSEND = YES;
				ENABLE_TESTABILITY = YES;
				GCC_C_LANGUAGE_STANDARD = gnu11;
				GCC_DYNAMIC_NO_PIC = NO;
				GCC_NO_COMMON_BLOCKS = YES;
				GCC_OPTIMIZATION_LEVEL = 0;
				GCC_PREPROCESSOR_DEFINITIONS = (
					"DEBUG=1",
					"$(inherited)",
				);
				GCC_WARN_64_TO_32_BIT_CONVERSION = YES;
				GCC_WARN_ABOUT_RETURN_TYPE = YES_ERROR;
				GCC_WARN_UNDECLARED_SELECTOR = YES;
				GCC_WARN_UNINITIALIZED_AUTOS = YES_AGGRESSIVE;
				GCC_WARN_UNUSED_FUNCTION = YES;
				GCC_WARN_UNUSED_VARIABLE = YES;
				IPHONEOS_DEPLOYMENT_TARGET = 14.0;
				MTL_ENABLE_DEBUG_INFO = INCLUDE_SOURCE;
				MTL_FAST_MATH = YES;
				ONLY_ACTIVE_ARCH = YES;
				SDKROOT = iphoneos;
				SWIFT_ACTIVE_COMPILATION_CONDITIONS = DEBUG;
				SWIFT_OPTIMIZATION_LEVEL = "-Onone";
			};
			name = Debug;
		};
		CE1C363223F17DDC008F5BDE /* Release */ = {
			isa = XCBuildConfiguration;
			buildSettings = {
				ALWAYS_SEARCH_USER_PATHS = NO;
				CLANG_ANALYZER_NONNULL = YES;
				CLANG_ANALYZER_NUMBER_OBJECT_CONVERSION = YES_AGGRESSIVE;
				CLANG_CXX_LANGUAGE_STANDARD = "gnu++14";
				CLANG_CXX_LIBRARY = "libc++";
				CLANG_ENABLE_MODULES = YES;
				CLANG_ENABLE_OBJC_ARC = YES;
				CLANG_ENABLE_OBJC_WEAK = YES;
				CLANG_WARN_BLOCK_CAPTURE_AUTORELEASING = YES;
				CLANG_WARN_BOOL_CONVERSION = YES;
				CLANG_WARN_COMMA = YES;
				CLANG_WARN_CONSTANT_CONVERSION = YES;
				CLANG_WARN_DEPRECATED_OBJC_IMPLEMENTATIONS = YES;
				CLANG_WARN_DIRECT_OBJC_ISA_USAGE = YES_ERROR;
				CLANG_WARN_DOCUMENTATION_COMMENTS = YES;
				CLANG_WARN_EMPTY_BODY = YES;
				CLANG_WARN_ENUM_CONVERSION = YES;
				CLANG_WARN_INFINITE_RECURSION = YES;
				CLANG_WARN_INT_CONVERSION = YES;
				CLANG_WARN_NON_LITERAL_NULL_CONVERSION = YES;
				CLANG_WARN_OBJC_IMPLICIT_RETAIN_SELF = YES;
				CLANG_WARN_OBJC_LITERAL_CONVERSION = YES;
				CLANG_WARN_OBJC_ROOT_CLASS = YES_ERROR;
				CLANG_WARN_RANGE_LOOP_ANALYSIS = YES;
				CLANG_WARN_STRICT_PROTOTYPES = YES;
				CLANG_WARN_SUSPICIOUS_MOVE = YES;
				CLANG_WARN_UNGUARDED_AVAILABILITY = YES_AGGRESSIVE;
				CLANG_WARN_UNREACHABLE_CODE = YES;
				CLANG_WARN__DUPLICATE_METHOD_MATCH = YES;
				COPY_PHASE_STRIP = NO;
				DEBUG_INFORMATION_FORMAT = "dwarf-with-dsym";
				ENABLE_NS_ASSERTIONS = NO;
				ENABLE_STRICT_OBJC_MSGSEND = YES;
				GCC_C_LANGUAGE_STANDARD = gnu11;
				GCC_NO_COMMON_BLOCKS = YES;
				GCC_WARN_64_TO_32_BIT_CONVERSION = YES;
				GCC_WARN_ABOUT_RETURN_TYPE = YES_ERROR;
				GCC_WARN_UNDECLARED_SELECTOR = YES;
				GCC_WARN_UNINITIALIZED_AUTOS = YES_AGGRESSIVE;
				GCC_WARN_UNUSED_FUNCTION = YES;
				GCC_WARN_UNUSED_VARIABLE = YES;
				IPHONEOS_DEPLOYMENT_TARGET = 14.0;
				MTL_ENABLE_DEBUG_INFO = NO;
				MTL_FAST_MATH = YES;
				SDKROOT = iphoneos;
				SWIFT_COMPILATION_MODE = wholemodule;
				SWIFT_OPTIMIZATION_LEVEL = "-O";
				VALIDATE_PRODUCT = YES;
			};
			name = Release;
		};
		CE1C363423F17DDC008F5BDE /* Debug */ = {
			isa = XCBuildConfiguration;
			buildSettings = {
				ASSETCATALOG_COMPILER_APPICON_NAME = AppIcon;
				CODE_SIGN_STYLE = Automatic;
				DEVELOPMENT_TEAM = XPJG98X97P;
				INFOPLIST_FILE = "$(SRCROOT)/Demo/Supporting Files/Info.plist";
				IPHONEOS_DEPLOYMENT_TARGET = 14.0;
				LD_RUNPATH_SEARCH_PATHS = (
					"$(inherited)",
					"@executable_path/Frameworks",
				);
				PRODUCT_BUNDLE_IDENTIFIER = "com.sks.UnlockSlider-Demo";
				PRODUCT_NAME = "$(TARGET_NAME)";
				SWIFT_VERSION = 5.0;
				TARGETED_DEVICE_FAMILY = "1,2";
			};
			name = Debug;
		};
		CE1C363523F17DDC008F5BDE /* Release */ = {
			isa = XCBuildConfiguration;
			buildSettings = {
				ASSETCATALOG_COMPILER_APPICON_NAME = AppIcon;
				CODE_SIGN_STYLE = Automatic;
				DEVELOPMENT_TEAM = XPJG98X97P;
				INFOPLIST_FILE = "$(SRCROOT)/Demo/Supporting Files/Info.plist";
				IPHONEOS_DEPLOYMENT_TARGET = 14.0;
				LD_RUNPATH_SEARCH_PATHS = (
					"$(inherited)",
					"@executable_path/Frameworks",
				);
				PRODUCT_BUNDLE_IDENTIFIER = "com.sks.UnlockSlider-Demo";
				PRODUCT_NAME = "$(TARGET_NAME)";
				SWIFT_VERSION = 5.0;
				TARGETED_DEVICE_FAMILY = "1,2";
			};
			name = Release;
		};
/* End XCBuildConfiguration section */

/* Begin XCConfigurationList section */
		CE1C361A23F17DDC008F5BDE /* Build configuration list for PBXProject "Demo" */ = {
			isa = XCConfigurationList;
			buildConfigurations = (
				CE1C363123F17DDC008F5BDE /* Debug */,
				CE1C363223F17DDC008F5BDE /* Release */,
			);
			defaultConfigurationIsVisible = 0;
			defaultConfigurationName = Release;
		};
		CE1C363323F17DDC008F5BDE /* Build configuration list for PBXNativeTarget "Demo" */ = {
			isa = XCConfigurationList;
			buildConfigurations = (
				CE1C363423F17DDC008F5BDE /* Debug */,
				CE1C363523F17DDC008F5BDE /* Release */,
			);
			defaultConfigurationIsVisible = 0;
			defaultConfigurationName = Release;
		};
/* End XCConfigurationList section */
	};
	rootObject = CE1C361723F17DDC008F5BDE /* Project object */;
}
